<?xml version="1.0" encoding="utf-8"?>
<Project ToolsVersion="16.0" xmlns="http://schemas.microsoft.com/developer/msbuild/2003">
  <ItemGroup>
    <ClCompile Include="C:\Users\Joey\Documents\Geant4\geant4_10_06\source\parameterisations\gflash\src\GFlashEnergySpot.cc">
      <Filter>Source Files</Filter>
    </ClCompile>
    <ClCompile Include="C:\Users\Joey\Documents\Geant4\geant4_10_06\source\parameterisations\gflash\src\GFlashHitMaker.cc">
      <Filter>Source Files</Filter>
    </ClCompile>
    <ClCompile Include="C:\Users\Joey\Documents\Geant4\geant4_10_06\source\parameterisations\gflash\src\GFlashHomoShowerParameterisation.cc">
      <Filter>Source Files</Filter>
    </ClCompile>
    <ClCompile Include="C:\Users\Joey\Documents\Geant4\geant4_10_06\source\parameterisations\gflash\src\GFlashParticleBounds.cc">
      <Filter>Source Files</Filter>
    </ClCompile>
    <ClCompile Include="C:\Users\Joey\Documents\Geant4\geant4_10_06\source\parameterisations\gflash\src\GFlashSamplingShowerParameterisation.cc">
      <Filter>Source Files</Filter>
    </ClCompile>
    <ClCompile Include="C:\Users\Joey\Documents\Geant4\geant4_10_06\source\parameterisations\gflash\src\GFlashShowerModel.cc">
      <Filter>Source Files</Filter>
    </ClCompile>
    <ClCompile Include="C:\Users\Joey\Documents\Geant4\geant4_10_06\source\parameterisations\gflash\src\GFlashShowerModelMessenger.cc">
      <Filter>Source Files</Filter>
    </ClCompile>
    <ClCompile Include="C:\Users\Joey\Documents\Geant4\geant4_10_06\source\parameterisations\gflash\src\GVFlashShowerParameterisation.cc">
      <Filter>Source Files</Filter>
    </ClCompile>
    <ClCompile Include="C:\Users\Joey\Documents\Geant4\geant4_10_06\source\parameterisations\gflash\src\Gamma.cc">
      <Filter>Source Files</Filter>
    </ClCompile>
  </ItemGroup>
  <ItemGroup>
    <ClInclude Include="C:\Users\Joey\Documents\Geant4\geant4_10_06\source\parameterisations\gflash\include\G4GFlashSpot.hh">
      <Filter>Header Files</Filter>
    </ClInclude>
    <ClInclude Include="C:\Users\Joey\Documents\Geant4\geant4_10_06\source\parameterisations\gflash\include\G4VGFlashSensitiveDetector.hh">
      <Filter>Header Files</Filter>
    </ClInclude>
    <ClInclude Include="C:\Users\Joey\Documents\Geant4\geant4_10_06\source\parameterisations\gflash\include\GFlashEnergySpot.hh">
      <Filter>Header Files</Filter>
    </ClInclude>
    <ClInclude Include="C:\Users\Joey\Documents\Geant4\geant4_10_06\source\parameterisations\gflash\include\GFlashHitMaker.hh">
      <Filter>Header Files</Filter>
    </ClInclude>
    <ClInclude Include="C:\Users\Joey\Documents\Geant4\geant4_10_06\source\parameterisations\gflash\include\GFlashHomoShowerParameterisation.hh">
      <Filter>Header Files</Filter>
    </ClInclude>
    <ClInclude Include="C:\Users\Joey\Documents\Geant4\geant4_10_06\source\parameterisations\gflash\include\GFlashParticleBounds.hh">
      <Filter>Header Files</Filter>
    </ClInclude>
    <ClInclude Include="C:\Users\Joey\Documents\Geant4\geant4_10_06\source\parameterisations\gflash\include\GFlashSamplingShowerParameterisation.hh">
      <Filter>Header Files</Filter>
    </ClInclude>
    <ClInclude Include="C:\Users\Joey\Documents\Geant4\geant4_10_06\source\parameterisations\gflash\include\GFlashSamplingShowerTuning.hh">
      <Filter>Header Files</Filter>
    </ClInclude>
    <ClInclude Include="C:\Users\Joey\Documents\Geant4\geant4_10_06\source\parameterisations\gflash\include\GFlashShowerModel.hh">
      <Filter>Header Files</Filter>
    </ClInclude>
    <ClInclude Include="C:\Users\Joey\Documents\Geant4\geant4_10_06\source\parameterisations\gflash\include\GFlashShowerModelMessenger.hh">
      <Filter>Header Files</Filter>
    </ClInclude>
    <ClInclude Include="C:\Users\Joey\Documents\Geant4\geant4_10_06\source\parameterisations\gflash\include\GVFlashHomoShowerTuning.hh">
      <Filter>Header Files</Filter>
    </ClInclude>
    <ClInclude Include="C:\Users\Joey\Documents\Geant4\geant4_10_06\source\parameterisations\gflash\include\GVFlashShowerParameterisation.hh">
      <Filter>Header Files</Filter>
    </ClInclude>
    <ClInclude Include="C:\Users\Joey\Documents\Geant4\geant4_10_06\source\parameterisations\gflash\include\Gamma.hh">
      <Filter>Header Files</Filter>
    </ClInclude>
  </ItemGroup>
  <ItemGroup>
    <CustomBuild Include="C:\Users\Joey\Documents\Geant4\geant4_10_06\source\parameterisations\CMakeLists.txt" />
  </ItemGroup>
  <ItemGroup>
    <Filter Include="Header Files">
      <UniqueIdentifier>{CF1853CA-56C7-3BA8-A775-C24C28174412}</UniqueIdentifier>
    </Filter>
    <Filter Include="Source Files">
      <UniqueIdentifier>{7F733656-C433-322F-838E-D7A6D7A4F353}</UniqueIdentifier>
    </Filter>
  </ItemGroup>
</Project>
