<?xml version="1.0" encoding="utf-8"?>
<Project ToolsVersion="16.0" xmlns="http://schemas.microsoft.com/developer/msbuild/2003">
  <ItemGroup>
    <ClCompile Include="C:\Users\Joey\Documents\Geant4\geant4_10_06\source\visualization\HepRep\src\BHepRepWriter.cc">
      <Filter>Source Files</Filter>
    </ClCompile>
    <ClCompile Include="C:\Users\Joey\Documents\Geant4\geant4_10_06\source\visualization\HepRep\src\DefaultHepRep.cc">
      <Filter>Source Files</Filter>
    </ClCompile>
    <ClCompile Include="C:\Users\Joey\Documents\Geant4\geant4_10_06\source\visualization\HepRep\src\DefaultHepRepAction.cc">
      <Filter>Source Files</Filter>
    </ClCompile>
    <ClCompile Include="C:\Users\Joey\Documents\Geant4\geant4_10_06\source\visualization\HepRep\src\DefaultHepRepAttDef.cc">
      <Filter>Source Files</Filter>
    </ClCompile>
    <ClCompile Include="C:\Users\Joey\Documents\Geant4\geant4_10_06\source\visualization\HepRep\src\DefaultHepRepAttValue.cc">
      <Filter>Source Files</Filter>
    </ClCompile>
    <ClCompile Include="C:\Users\Joey\Documents\Geant4\geant4_10_06\source\visualization\HepRep\src\DefaultHepRepAttribute.cc">
      <Filter>Source Files</Filter>
    </ClCompile>
    <ClCompile Include="C:\Users\Joey\Documents\Geant4\geant4_10_06\source\visualization\HepRep\src\DefaultHepRepDefinition.cc">
      <Filter>Source Files</Filter>
    </ClCompile>
    <ClCompile Include="C:\Users\Joey\Documents\Geant4\geant4_10_06\source\visualization\HepRep\src\DefaultHepRepFactory.cc">
      <Filter>Source Files</Filter>
    </ClCompile>
    <ClCompile Include="C:\Users\Joey\Documents\Geant4\geant4_10_06\source\visualization\HepRep\src\DefaultHepRepInstance.cc">
      <Filter>Source Files</Filter>
    </ClCompile>
    <ClCompile Include="C:\Users\Joey\Documents\Geant4\geant4_10_06\source\visualization\HepRep\src\DefaultHepRepInstanceTree.cc">
      <Filter>Source Files</Filter>
    </ClCompile>
    <ClCompile Include="C:\Users\Joey\Documents\Geant4\geant4_10_06\source\visualization\HepRep\src\DefaultHepRepPoint.cc">
      <Filter>Source Files</Filter>
    </ClCompile>
    <ClCompile Include="C:\Users\Joey\Documents\Geant4\geant4_10_06\source\visualization\HepRep\src\DefaultHepRepTreeID.cc">
      <Filter>Source Files</Filter>
    </ClCompile>
    <ClCompile Include="C:\Users\Joey\Documents\Geant4\geant4_10_06\source\visualization\HepRep\src\DefaultHepRepType.cc">
      <Filter>Source Files</Filter>
    </ClCompile>
    <ClCompile Include="C:\Users\Joey\Documents\Geant4\geant4_10_06\source\visualization\HepRep\src\DefaultHepRepTypeTree.cc">
      <Filter>Source Files</Filter>
    </ClCompile>
    <ClCompile Include="C:\Users\Joey\Documents\Geant4\geant4_10_06\source\visualization\HepRep\src\DeflateOutputStreamBuffer.cc">
      <Filter>Source Files</Filter>
    </ClCompile>
    <ClCompile Include="C:\Users\Joey\Documents\Geant4\geant4_10_06\source\visualization\HepRep\src\G4HepRep.cc">
      <Filter>Source Files</Filter>
    </ClCompile>
    <ClCompile Include="C:\Users\Joey\Documents\Geant4\geant4_10_06\source\visualization\HepRep\src\G4HepRepFile.cc">
      <Filter>Source Files</Filter>
    </ClCompile>
    <ClCompile Include="C:\Users\Joey\Documents\Geant4\geant4_10_06\source\visualization\HepRep\src\G4HepRepFileSceneHandler.cc">
      <Filter>Source Files</Filter>
    </ClCompile>
    <ClCompile Include="C:\Users\Joey\Documents\Geant4\geant4_10_06\source\visualization\HepRep\src\G4HepRepFileViewer.cc">
      <Filter>Source Files</Filter>
    </ClCompile>
    <ClCompile Include="C:\Users\Joey\Documents\Geant4\geant4_10_06\source\visualization\HepRep\src\G4HepRepFileXMLWriter.cc">
      <Filter>Source Files</Filter>
    </ClCompile>
    <ClCompile Include="C:\Users\Joey\Documents\Geant4\geant4_10_06\source\visualization\HepRep\src\G4HepRepMessenger.cc">
      <Filter>Source Files</Filter>
    </ClCompile>
    <ClCompile Include="C:\Users\Joey\Documents\Geant4\geant4_10_06\source\visualization\HepRep\src\G4HepRepSceneHandler.cc">
      <Filter>Source Files</Filter>
    </ClCompile>
    <ClCompile Include="C:\Users\Joey\Documents\Geant4\geant4_10_06\source\visualization\HepRep\src\G4HepRepViewer.cc">
      <Filter>Source Files</Filter>
    </ClCompile>
    <ClCompile Include="C:\Users\Joey\Documents\Geant4\geant4_10_06\source\visualization\HepRep\src\GZIPOutputStream.cc">
      <Filter>Source Files</Filter>
    </ClCompile>
    <ClCompile Include="C:\Users\Joey\Documents\Geant4\geant4_10_06\source\visualization\HepRep\src\GZIPOutputStreamBuffer.cc">
      <Filter>Source Files</Filter>
    </ClCompile>
    <ClCompile Include="C:\Users\Joey\Documents\Geant4\geant4_10_06\source\visualization\HepRep\src\IndentPrintWriter.cc">
      <Filter>Source Files</Filter>
    </ClCompile>
    <ClCompile Include="C:\Users\Joey\Documents\Geant4\geant4_10_06\source\visualization\HepRep\src\XMLHepRepFactory.cc">
      <Filter>Source Files</Filter>
    </ClCompile>
    <ClCompile Include="C:\Users\Joey\Documents\Geant4\geant4_10_06\source\visualization\HepRep\src\XMLHepRepWriter.cc">
      <Filter>Source Files</Filter>
    </ClCompile>
    <ClCompile Include="C:\Users\Joey\Documents\Geant4\geant4_10_06\source\visualization\HepRep\src\XMLWriter.cc">
      <Filter>Source Files</Filter>
    </ClCompile>
    <ClCompile Include="C:\Users\Joey\Documents\Geant4\geant4_10_06\source\visualization\HepRep\src\ZipOutputStream.cc">
      <Filter>Source Files</Filter>
    </ClCompile>
    <ClCompile Include="C:\Users\Joey\Documents\Geant4\geant4_10_06\source\visualization\HepRep\src\ZipOutputStreamBuffer.cc">
      <Filter>Source Files</Filter>
    </ClCompile>
  </ItemGroup>
  <ItemGroup>
    <ClInclude Include="C:\Users\Joey\Documents\Geant4\geant4_10_06\source\visualization\HepRep\include\G4HepRep.hh">
      <Filter>Header Files</Filter>
    </ClInclude>
    <ClInclude Include="C:\Users\Joey\Documents\Geant4\geant4_10_06\source\visualization\HepRep\include\G4HepRepFile.hh">
      <Filter>Header Files</Filter>
    </ClInclude>
    <ClInclude Include="C:\Users\Joey\Documents\Geant4\geant4_10_06\source\visualization\HepRep\include\G4HepRepFileSceneHandler.hh">
      <Filter>Header Files</Filter>
    </ClInclude>
    <ClInclude Include="C:\Users\Joey\Documents\Geant4\geant4_10_06\source\visualization\HepRep\include\G4HepRepFileViewer.hh">
      <Filter>Header Files</Filter>
    </ClInclude>
    <ClInclude Include="C:\Users\Joey\Documents\Geant4\geant4_10_06\source\visualization\HepRep\include\G4HepRepFileXMLWriter.hh">
      <Filter>Header Files</Filter>
    </ClInclude>
    <ClInclude Include="C:\Users\Joey\Documents\Geant4\geant4_10_06\source\visualization\HepRep\include\G4HepRepMessenger.hh">
      <Filter>Header Files</Filter>
    </ClInclude>
    <ClInclude Include="C:\Users\Joey\Documents\Geant4\geant4_10_06\source\visualization\HepRep\include\G4HepRepSceneHandler.hh">
      <Filter>Header Files</Filter>
    </ClInclude>
    <ClInclude Include="C:\Users\Joey\Documents\Geant4\geant4_10_06\source\visualization\HepRep\include\G4HepRepViewer.hh">
      <Filter>Header Files</Filter>
    </ClInclude>
  </ItemGroup>
  <ItemGroup>
    <CustomBuild Include="C:\Users\Joey\Documents\Geant4\geant4_10_06\source\visualization\HepRep\CMakeLists.txt" />
  </ItemGroup>
  <ItemGroup>
    <Filter Include="Header Files">
      <UniqueIdentifier>{CF1853CA-56C7-3BA8-A775-C24C28174412}</UniqueIdentifier>
    </Filter>
    <Filter Include="Source Files">
      <UniqueIdentifier>{7F733656-C433-322F-838E-D7A6D7A4F353}</UniqueIdentifier>
    </Filter>
  </ItemGroup>
</Project>
