<?xml version="1.0" encoding="utf-8"?>
<Project ToolsVersion="16.0" xmlns="http://schemas.microsoft.com/developer/msbuild/2003">
  <ItemGroup>
    <ClCompile Include="C:\Users\Joey\Documents\Geant4\geant4_10_06\source\error_propagation\src\G4ErrorFreeTrajParam.cc">
      <Filter>Source Files</Filter>
    </ClCompile>
    <ClCompile Include="C:\Users\Joey\Documents\Geant4\geant4_10_06\source\error_propagation\src\G4ErrorFreeTrajState.cc">
      <Filter>Source Files</Filter>
    </ClCompile>
    <ClCompile Include="C:\Users\Joey\Documents\Geant4\geant4_10_06\source\error_propagation\src\G4ErrorGeomVolumeTarget.cc">
      <Filter>Source Files</Filter>
    </ClCompile>
    <ClCompile Include="C:\Users\Joey\Documents\Geant4\geant4_10_06\source\error_propagation\src\G4ErrorMagFieldLimitProcess.cc">
      <Filter>Source Files</Filter>
    </ClCompile>
    <ClCompile Include="C:\Users\Joey\Documents\Geant4\geant4_10_06\source\error_propagation\src\G4ErrorMatrix.cc">
      <Filter>Source Files</Filter>
    </ClCompile>
    <ClCompile Include="C:\Users\Joey\Documents\Geant4\geant4_10_06\source\error_propagation\src\G4ErrorMessenger.cc">
      <Filter>Source Files</Filter>
    </ClCompile>
    <ClCompile Include="C:\Users\Joey\Documents\Geant4\geant4_10_06\source\error_propagation\src\G4ErrorPhysicsList.cc">
      <Filter>Source Files</Filter>
    </ClCompile>
    <ClCompile Include="C:\Users\Joey\Documents\Geant4\geant4_10_06\source\error_propagation\src\G4ErrorPropagator.cc">
      <Filter>Source Files</Filter>
    </ClCompile>
    <ClCompile Include="C:\Users\Joey\Documents\Geant4\geant4_10_06\source\error_propagation\src\G4ErrorPropagatorManager.cc">
      <Filter>Source Files</Filter>
    </ClCompile>
    <ClCompile Include="C:\Users\Joey\Documents\Geant4\geant4_10_06\source\error_propagation\src\G4ErrorRunManagerHelper.cc">
      <Filter>Source Files</Filter>
    </ClCompile>
    <ClCompile Include="C:\Users\Joey\Documents\Geant4\geant4_10_06\source\error_propagation\src\G4ErrorStepLengthLimitProcess.cc">
      <Filter>Source Files</Filter>
    </ClCompile>
    <ClCompile Include="C:\Users\Joey\Documents\Geant4\geant4_10_06\source\error_propagation\src\G4ErrorSurfaceTrajParam.cc">
      <Filter>Source Files</Filter>
    </ClCompile>
    <ClCompile Include="C:\Users\Joey\Documents\Geant4\geant4_10_06\source\error_propagation\src\G4ErrorSurfaceTrajState.cc">
      <Filter>Source Files</Filter>
    </ClCompile>
    <ClCompile Include="C:\Users\Joey\Documents\Geant4\geant4_10_06\source\error_propagation\src\G4ErrorSymMatrix.cc">
      <Filter>Source Files</Filter>
    </ClCompile>
    <ClCompile Include="C:\Users\Joey\Documents\Geant4\geant4_10_06\source\error_propagation\src\G4ErrorTrackLengthTarget.cc">
      <Filter>Source Files</Filter>
    </ClCompile>
    <ClCompile Include="C:\Users\Joey\Documents\Geant4\geant4_10_06\source\error_propagation\src\G4ErrorTrajState.cc">
      <Filter>Source Files</Filter>
    </ClCompile>
    <ClCompile Include="C:\Users\Joey\Documents\Geant4\geant4_10_06\source\error_propagation\src\G4VErrorLimitProcess.cc">
      <Filter>Source Files</Filter>
    </ClCompile>
  </ItemGroup>
  <ItemGroup>
    <ClInclude Include="C:\Users\Joey\Documents\Geant4\geant4_10_06\source\error_propagation\include\G4ErrorFreeTrajParam.hh">
      <Filter>Header Files</Filter>
    </ClInclude>
    <ClInclude Include="C:\Users\Joey\Documents\Geant4\geant4_10_06\source\error_propagation\include\G4ErrorFreeTrajState.hh">
      <Filter>Header Files</Filter>
    </ClInclude>
    <ClInclude Include="C:\Users\Joey\Documents\Geant4\geant4_10_06\source\error_propagation\include\G4ErrorGeomVolumeTarget.hh">
      <Filter>Header Files</Filter>
    </ClInclude>
    <ClInclude Include="C:\Users\Joey\Documents\Geant4\geant4_10_06\source\error_propagation\include\G4ErrorMagFieldLimitProcess.hh">
      <Filter>Header Files</Filter>
    </ClInclude>
    <ClInclude Include="C:\Users\Joey\Documents\Geant4\geant4_10_06\source\error_propagation\include\G4ErrorMatrix.hh">
      <Filter>Header Files</Filter>
    </ClInclude>
    <ClInclude Include="C:\Users\Joey\Documents\Geant4\geant4_10_06\source\error_propagation\include\G4ErrorMessenger.hh">
      <Filter>Header Files</Filter>
    </ClInclude>
    <ClInclude Include="C:\Users\Joey\Documents\Geant4\geant4_10_06\source\error_propagation\include\G4ErrorPhysicsList.hh">
      <Filter>Header Files</Filter>
    </ClInclude>
    <ClInclude Include="C:\Users\Joey\Documents\Geant4\geant4_10_06\source\error_propagation\include\G4ErrorPropagator.hh">
      <Filter>Header Files</Filter>
    </ClInclude>
    <ClInclude Include="C:\Users\Joey\Documents\Geant4\geant4_10_06\source\error_propagation\include\G4ErrorPropagatorManager.hh">
      <Filter>Header Files</Filter>
    </ClInclude>
    <ClInclude Include="C:\Users\Joey\Documents\Geant4\geant4_10_06\source\error_propagation\include\G4ErrorRunManagerHelper.hh">
      <Filter>Header Files</Filter>
    </ClInclude>
    <ClInclude Include="C:\Users\Joey\Documents\Geant4\geant4_10_06\source\error_propagation\include\G4ErrorStepLengthLimitProcess.hh">
      <Filter>Header Files</Filter>
    </ClInclude>
    <ClInclude Include="C:\Users\Joey\Documents\Geant4\geant4_10_06\source\error_propagation\include\G4ErrorSurfaceTrajParam.hh">
      <Filter>Header Files</Filter>
    </ClInclude>
    <ClInclude Include="C:\Users\Joey\Documents\Geant4\geant4_10_06\source\error_propagation\include\G4ErrorSurfaceTrajState.hh">
      <Filter>Header Files</Filter>
    </ClInclude>
    <ClInclude Include="C:\Users\Joey\Documents\Geant4\geant4_10_06\source\error_propagation\include\G4ErrorSymMatrix.hh">
      <Filter>Header Files</Filter>
    </ClInclude>
    <ClInclude Include="C:\Users\Joey\Documents\Geant4\geant4_10_06\source\error_propagation\include\G4ErrorTrackLengthTarget.hh">
      <Filter>Header Files</Filter>
    </ClInclude>
    <ClInclude Include="C:\Users\Joey\Documents\Geant4\geant4_10_06\source\error_propagation\include\G4ErrorTrajErr.hh">
      <Filter>Header Files</Filter>
    </ClInclude>
    <ClInclude Include="C:\Users\Joey\Documents\Geant4\geant4_10_06\source\error_propagation\include\G4ErrorTrajState.hh">
      <Filter>Header Files</Filter>
    </ClInclude>
    <ClInclude Include="C:\Users\Joey\Documents\Geant4\geant4_10_06\source\error_propagation\include\G4VErrorLimitProcess.hh">
      <Filter>Header Files</Filter>
    </ClInclude>
  </ItemGroup>
  <ItemGroup>
    <CustomBuild Include="C:\Users\Joey\Documents\Geant4\geant4_10_06\source\error_propagation\CMakeLists.txt" />
  </ItemGroup>
  <ItemGroup>
    <None Include="C:\Users\Joey\Documents\Geant4\geant4_10_06\source\error_propagation\include\G4ErrorMatrix.icc" />
    <None Include="C:\Users\Joey\Documents\Geant4\geant4_10_06\source\error_propagation\include\G4ErrorSymMatrix.icc" />
  </ItemGroup>
  <ItemGroup>
    <Filter Include="Header Files">
      <UniqueIdentifier>{CF1853CA-56C7-3BA8-A775-C24C28174412}</UniqueIdentifier>
    </Filter>
    <Filter Include="Source Files">
      <UniqueIdentifier>{7F733656-C433-322F-838E-D7A6D7A4F353}</UniqueIdentifier>
    </Filter>
  </ItemGroup>
</Project>
