<?xml version="1.0" encoding="utf-8"?>
<Project ToolsVersion="16.0" xmlns="http://schemas.microsoft.com/developer/msbuild/2003">
  <ItemGroup>
    <ClCompile Include="C:\Users\Joey\Documents\Geant4\geant4_10_06\source\tracking\src\G4AdjointCrossSurfChecker.cc">
      <Filter>Source Files</Filter>
    </ClCompile>
    <ClCompile Include="C:\Users\Joey\Documents\Geant4\geant4_10_06\source\tracking\src\G4AdjointSteppingAction.cc">
      <Filter>Source Files</Filter>
    </ClCompile>
    <ClCompile Include="C:\Users\Joey\Documents\Geant4\geant4_10_06\source\tracking\src\G4AdjointTrackingAction.cc">
      <Filter>Source Files</Filter>
    </ClCompile>
    <ClCompile Include="C:\Users\Joey\Documents\Geant4\geant4_10_06\source\tracking\src\G4RichTrajectory.cc">
      <Filter>Source Files</Filter>
    </ClCompile>
    <ClCompile Include="C:\Users\Joey\Documents\Geant4\geant4_10_06\source\tracking\src\G4RichTrajectoryPoint.cc">
      <Filter>Source Files</Filter>
    </ClCompile>
    <ClCompile Include="C:\Users\Joey\Documents\Geant4\geant4_10_06\source\tracking\src\G4SmoothTrajectory.cc">
      <Filter>Source Files</Filter>
    </ClCompile>
    <ClCompile Include="C:\Users\Joey\Documents\Geant4\geant4_10_06\source\tracking\src\G4SmoothTrajectoryPoint.cc">
      <Filter>Source Files</Filter>
    </ClCompile>
    <ClCompile Include="C:\Users\Joey\Documents\Geant4\geant4_10_06\source\tracking\src\G4SteppingManager.cc">
      <Filter>Source Files</Filter>
    </ClCompile>
    <ClCompile Include="C:\Users\Joey\Documents\Geant4\geant4_10_06\source\tracking\src\G4SteppingManager2.cc">
      <Filter>Source Files</Filter>
    </ClCompile>
    <ClCompile Include="C:\Users\Joey\Documents\Geant4\geant4_10_06\source\tracking\src\G4SteppingVerbose.cc">
      <Filter>Source Files</Filter>
    </ClCompile>
    <ClCompile Include="C:\Users\Joey\Documents\Geant4\geant4_10_06\source\tracking\src\G4TrackingManager.cc">
      <Filter>Source Files</Filter>
    </ClCompile>
    <ClCompile Include="C:\Users\Joey\Documents\Geant4\geant4_10_06\source\tracking\src\G4TrackingMessenger.cc">
      <Filter>Source Files</Filter>
    </ClCompile>
    <ClCompile Include="C:\Users\Joey\Documents\Geant4\geant4_10_06\source\tracking\src\G4Trajectory.cc">
      <Filter>Source Files</Filter>
    </ClCompile>
    <ClCompile Include="C:\Users\Joey\Documents\Geant4\geant4_10_06\source\tracking\src\G4TrajectoryPoint.cc">
      <Filter>Source Files</Filter>
    </ClCompile>
    <ClCompile Include="C:\Users\Joey\Documents\Geant4\geant4_10_06\source\tracking\src\G4UserSteppingAction.cc">
      <Filter>Source Files</Filter>
    </ClCompile>
    <ClCompile Include="C:\Users\Joey\Documents\Geant4\geant4_10_06\source\tracking\src\G4MultiSteppingAction.cc">
      <Filter>Source Files</Filter>
    </ClCompile>
    <ClCompile Include="C:\Users\Joey\Documents\Geant4\geant4_10_06\source\tracking\src\G4UserTrackingAction.cc">
      <Filter>Source Files</Filter>
    </ClCompile>
    <ClCompile Include="C:\Users\Joey\Documents\Geant4\geant4_10_06\source\tracking\src\G4MultiTrackingAction.cc">
      <Filter>Source Files</Filter>
    </ClCompile>
    <ClCompile Include="C:\Users\Joey\Documents\Geant4\geant4_10_06\source\tracking\src\G4VSteppingVerbose.cc">
      <Filter>Source Files</Filter>
    </ClCompile>
    <ClCompile Include="C:\Users\Joey\Documents\Geant4\geant4_10_06\source\tracking\src\G4VTrajectory.cc">
      <Filter>Source Files</Filter>
    </ClCompile>
    <ClCompile Include="C:\Users\Joey\Documents\Geant4\geant4_10_06\source\tracking\src\G4VTrajectoryPoint.cc">
      <Filter>Source Files</Filter>
    </ClCompile>
  </ItemGroup>
  <ItemGroup>
    <ClInclude Include="C:\Users\Joey\Documents\Geant4\geant4_10_06\source\tracking\include\G4AdjointCrossSurfChecker.hh">
      <Filter>Header Files</Filter>
    </ClInclude>
    <ClInclude Include="C:\Users\Joey\Documents\Geant4\geant4_10_06\source\tracking\include\G4AdjointSteppingAction.hh">
      <Filter>Header Files</Filter>
    </ClInclude>
    <ClInclude Include="C:\Users\Joey\Documents\Geant4\geant4_10_06\source\tracking\include\G4AdjointTrackingAction.hh">
      <Filter>Header Files</Filter>
    </ClInclude>
    <ClInclude Include="C:\Users\Joey\Documents\Geant4\geant4_10_06\source\tracking\include\G4RichTrajectory.hh">
      <Filter>Header Files</Filter>
    </ClInclude>
    <ClInclude Include="C:\Users\Joey\Documents\Geant4\geant4_10_06\source\tracking\include\G4RichTrajectoryPoint.hh">
      <Filter>Header Files</Filter>
    </ClInclude>
    <ClInclude Include="C:\Users\Joey\Documents\Geant4\geant4_10_06\source\tracking\include\G4SmoothTrajectory.hh">
      <Filter>Header Files</Filter>
    </ClInclude>
    <ClInclude Include="C:\Users\Joey\Documents\Geant4\geant4_10_06\source\tracking\include\G4SmoothTrajectoryPoint.hh">
      <Filter>Header Files</Filter>
    </ClInclude>
    <ClInclude Include="C:\Users\Joey\Documents\Geant4\geant4_10_06\source\tracking\include\G4SteppingManager.hh">
      <Filter>Header Files</Filter>
    </ClInclude>
    <ClInclude Include="C:\Users\Joey\Documents\Geant4\geant4_10_06\source\tracking\include\G4SteppingVerbose.hh">
      <Filter>Header Files</Filter>
    </ClInclude>
    <ClInclude Include="C:\Users\Joey\Documents\Geant4\geant4_10_06\source\tracking\include\G4TrackingManager.hh">
      <Filter>Header Files</Filter>
    </ClInclude>
    <ClInclude Include="C:\Users\Joey\Documents\Geant4\geant4_10_06\source\tracking\include\G4TrackingMessenger.hh">
      <Filter>Header Files</Filter>
    </ClInclude>
    <ClInclude Include="C:\Users\Joey\Documents\Geant4\geant4_10_06\source\tracking\include\G4Trajectory.hh">
      <Filter>Header Files</Filter>
    </ClInclude>
    <ClInclude Include="C:\Users\Joey\Documents\Geant4\geant4_10_06\source\tracking\include\G4TrajectoryPoint.hh">
      <Filter>Header Files</Filter>
    </ClInclude>
    <ClInclude Include="C:\Users\Joey\Documents\Geant4\geant4_10_06\source\tracking\include\G4UserSteppingAction.hh">
      <Filter>Header Files</Filter>
    </ClInclude>
    <ClInclude Include="C:\Users\Joey\Documents\Geant4\geant4_10_06\source\tracking\include\G4MultiSteppingAction.hh">
      <Filter>Header Files</Filter>
    </ClInclude>
    <ClInclude Include="C:\Users\Joey\Documents\Geant4\geant4_10_06\source\tracking\include\G4UserTrackingAction.hh">
      <Filter>Header Files</Filter>
    </ClInclude>
    <ClInclude Include="C:\Users\Joey\Documents\Geant4\geant4_10_06\source\tracking\include\G4MultiTrackingAction.hh">
      <Filter>Header Files</Filter>
    </ClInclude>
    <ClInclude Include="C:\Users\Joey\Documents\Geant4\geant4_10_06\source\tracking\include\G4VSteppingVerbose.hh">
      <Filter>Header Files</Filter>
    </ClInclude>
    <ClInclude Include="C:\Users\Joey\Documents\Geant4\geant4_10_06\source\tracking\include\G4VTrajectory.hh">
      <Filter>Header Files</Filter>
    </ClInclude>
    <ClInclude Include="C:\Users\Joey\Documents\Geant4\geant4_10_06\source\tracking\include\G4VTrajectoryPoint.hh">
      <Filter>Header Files</Filter>
    </ClInclude>
    <ClInclude Include="C:\Users\Joey\Documents\Geant4\geant4_10_06\source\tracking\include\trkgdefs.hh">
      <Filter>Header Files</Filter>
    </ClInclude>
  </ItemGroup>
  <ItemGroup>
    <CustomBuild Include="C:\Users\Joey\Documents\Geant4\geant4_10_06\source\tracking\CMakeLists.txt" />
  </ItemGroup>
  <ItemGroup>
    <Filter Include="Header Files">
      <UniqueIdentifier>{CF1853CA-56C7-3BA8-A775-C24C28174412}</UniqueIdentifier>
    </Filter>
    <Filter Include="Source Files">
      <UniqueIdentifier>{7F733656-C433-322F-838E-D7A6D7A4F353}</UniqueIdentifier>
    </Filter>
  </ItemGroup>
</Project>
