<?xml version="1.0" encoding="utf-8"?>
<Project ToolsVersion="16.0" xmlns="http://schemas.microsoft.com/developer/msbuild/2003">
  <ItemGroup>
    <ClCompile Include="C:\Users\Joey\Documents\Geant4\geant4_10_06\source\event\src\G4AdjointPosOnPhysVolGenerator.cc">
      <Filter>Source Files</Filter>
    </ClCompile>
    <ClCompile Include="C:\Users\Joey\Documents\Geant4\geant4_10_06\source\event\src\G4AdjointPrimaryGenerator.cc">
      <Filter>Source Files</Filter>
    </ClCompile>
    <ClCompile Include="C:\Users\Joey\Documents\Geant4\geant4_10_06\source\event\src\G4AdjointStackingAction.cc">
      <Filter>Source Files</Filter>
    </ClCompile>
    <ClCompile Include="C:\Users\Joey\Documents\Geant4\geant4_10_06\source\event\src\G4EvManMessenger.cc">
      <Filter>Source Files</Filter>
    </ClCompile>
    <ClCompile Include="C:\Users\Joey\Documents\Geant4\geant4_10_06\source\event\src\G4Event.cc">
      <Filter>Source Files</Filter>
    </ClCompile>
    <ClCompile Include="C:\Users\Joey\Documents\Geant4\geant4_10_06\source\event\src\G4EventManager.cc">
      <Filter>Source Files</Filter>
    </ClCompile>
    <ClCompile Include="C:\Users\Joey\Documents\Geant4\geant4_10_06\source\event\src\G4GeneralParticleSource.cc">
      <Filter>Source Files</Filter>
    </ClCompile>
    <ClCompile Include="C:\Users\Joey\Documents\Geant4\geant4_10_06\source\event\src\G4GeneralParticleSourceMessenger.cc">
      <Filter>Source Files</Filter>
    </ClCompile>
    <ClCompile Include="C:\Users\Joey\Documents\Geant4\geant4_10_06\source\event\src\G4HEPEvtInterface.cc">
      <Filter>Source Files</Filter>
    </ClCompile>
    <ClCompile Include="C:\Users\Joey\Documents\Geant4\geant4_10_06\source\event\src\G4HEPEvtParticle.cc">
      <Filter>Source Files</Filter>
    </ClCompile>
    <ClCompile Include="C:\Users\Joey\Documents\Geant4\geant4_10_06\source\event\src\G4ParticleGun.cc">
      <Filter>Source Files</Filter>
    </ClCompile>
    <ClCompile Include="C:\Users\Joey\Documents\Geant4\geant4_10_06\source\event\src\G4ParticleGunMessenger.cc">
      <Filter>Source Files</Filter>
    </ClCompile>
    <ClCompile Include="C:\Users\Joey\Documents\Geant4\geant4_10_06\source\event\src\G4PrimaryTransformer.cc">
      <Filter>Source Files</Filter>
    </ClCompile>
    <ClCompile Include="C:\Users\Joey\Documents\Geant4\geant4_10_06\source\event\src\G4RayShooter.cc">
      <Filter>Source Files</Filter>
    </ClCompile>
    <ClCompile Include="C:\Users\Joey\Documents\Geant4\geant4_10_06\source\event\src\G4SPSAngDistribution.cc">
      <Filter>Source Files</Filter>
    </ClCompile>
    <ClCompile Include="C:\Users\Joey\Documents\Geant4\geant4_10_06\source\event\src\G4SPSEneDistribution.cc">
      <Filter>Source Files</Filter>
    </ClCompile>
    <ClCompile Include="C:\Users\Joey\Documents\Geant4\geant4_10_06\source\event\src\G4SPSPosDistribution.cc">
      <Filter>Source Files</Filter>
    </ClCompile>
    <ClCompile Include="C:\Users\Joey\Documents\Geant4\geant4_10_06\source\event\src\G4SPSRandomGenerator.cc">
      <Filter>Source Files</Filter>
    </ClCompile>
    <ClCompile Include="C:\Users\Joey\Documents\Geant4\geant4_10_06\source\event\src\G4SingleParticleSource.cc">
      <Filter>Source Files</Filter>
    </ClCompile>
    <ClCompile Include="C:\Users\Joey\Documents\Geant4\geant4_10_06\source\event\src\G4SmartTrackStack.cc">
      <Filter>Source Files</Filter>
    </ClCompile>
    <ClCompile Include="C:\Users\Joey\Documents\Geant4\geant4_10_06\source\event\src\G4StackChecker.cc">
      <Filter>Source Files</Filter>
    </ClCompile>
    <ClCompile Include="C:\Users\Joey\Documents\Geant4\geant4_10_06\source\event\src\G4StackManager.cc">
      <Filter>Source Files</Filter>
    </ClCompile>
    <ClCompile Include="C:\Users\Joey\Documents\Geant4\geant4_10_06\source\event\src\G4StackingMessenger.cc">
      <Filter>Source Files</Filter>
    </ClCompile>
    <ClCompile Include="C:\Users\Joey\Documents\Geant4\geant4_10_06\source\event\src\G4TrackStack.cc">
      <Filter>Source Files</Filter>
    </ClCompile>
    <ClCompile Include="C:\Users\Joey\Documents\Geant4\geant4_10_06\source\event\src\G4TrajectoryContainer.cc">
      <Filter>Source Files</Filter>
    </ClCompile>
    <ClCompile Include="C:\Users\Joey\Documents\Geant4\geant4_10_06\source\event\src\G4UserEventAction.cc">
      <Filter>Source Files</Filter>
    </ClCompile>
    <ClCompile Include="C:\Users\Joey\Documents\Geant4\geant4_10_06\source\event\src\G4MultiEventAction.cc">
      <Filter>Source Files</Filter>
    </ClCompile>
    <ClCompile Include="C:\Users\Joey\Documents\Geant4\geant4_10_06\source\event\src\G4UserStackingAction.cc">
      <Filter>Source Files</Filter>
    </ClCompile>
    <ClCompile Include="C:\Users\Joey\Documents\Geant4\geant4_10_06\source\event\src\G4VPrimaryGenerator.cc">
      <Filter>Source Files</Filter>
    </ClCompile>
    <ClCompile Include="C:\Users\Joey\Documents\Geant4\geant4_10_06\source\event\src\G4GeneralParticleSourceData.cc">
      <Filter>Source Files</Filter>
    </ClCompile>
  </ItemGroup>
  <ItemGroup>
    <ClInclude Include="C:\Users\Joey\Documents\Geant4\geant4_10_06\source\event\include\G4AdjointPosOnPhysVolGenerator.hh">
      <Filter>Header Files</Filter>
    </ClInclude>
    <ClInclude Include="C:\Users\Joey\Documents\Geant4\geant4_10_06\source\event\include\G4AdjointPrimaryGenerator.hh">
      <Filter>Header Files</Filter>
    </ClInclude>
    <ClInclude Include="C:\Users\Joey\Documents\Geant4\geant4_10_06\source\event\include\G4AdjointStackingAction.hh">
      <Filter>Header Files</Filter>
    </ClInclude>
    <ClInclude Include="C:\Users\Joey\Documents\Geant4\geant4_10_06\source\event\include\G4ClassificationOfNewTrack.hh">
      <Filter>Header Files</Filter>
    </ClInclude>
    <ClInclude Include="C:\Users\Joey\Documents\Geant4\geant4_10_06\source\event\include\G4EvManMessenger.hh">
      <Filter>Header Files</Filter>
    </ClInclude>
    <ClInclude Include="C:\Users\Joey\Documents\Geant4\geant4_10_06\source\event\include\G4Event.hh">
      <Filter>Header Files</Filter>
    </ClInclude>
    <ClInclude Include="C:\Users\Joey\Documents\Geant4\geant4_10_06\source\event\include\G4EventManager.hh">
      <Filter>Header Files</Filter>
    </ClInclude>
    <ClInclude Include="C:\Users\Joey\Documents\Geant4\geant4_10_06\source\event\include\G4GeneralParticleSource.hh">
      <Filter>Header Files</Filter>
    </ClInclude>
    <ClInclude Include="C:\Users\Joey\Documents\Geant4\geant4_10_06\source\event\include\G4GeneralParticleSourceMessenger.hh">
      <Filter>Header Files</Filter>
    </ClInclude>
    <ClInclude Include="C:\Users\Joey\Documents\Geant4\geant4_10_06\source\event\include\G4HEPEvtInterface.hh">
      <Filter>Header Files</Filter>
    </ClInclude>
    <ClInclude Include="C:\Users\Joey\Documents\Geant4\geant4_10_06\source\event\include\G4HEPEvtParticle.hh">
      <Filter>Header Files</Filter>
    </ClInclude>
    <ClInclude Include="C:\Users\Joey\Documents\Geant4\geant4_10_06\source\event\include\G4ParticleGun.hh">
      <Filter>Header Files</Filter>
    </ClInclude>
    <ClInclude Include="C:\Users\Joey\Documents\Geant4\geant4_10_06\source\event\include\G4ParticleGunMessenger.hh">
      <Filter>Header Files</Filter>
    </ClInclude>
    <ClInclude Include="C:\Users\Joey\Documents\Geant4\geant4_10_06\source\event\include\G4PrimaryTransformer.hh">
      <Filter>Header Files</Filter>
    </ClInclude>
    <ClInclude Include="C:\Users\Joey\Documents\Geant4\geant4_10_06\source\event\include\G4RayShooter.hh">
      <Filter>Header Files</Filter>
    </ClInclude>
    <ClInclude Include="C:\Users\Joey\Documents\Geant4\geant4_10_06\source\event\include\G4SPSAngDistribution.hh">
      <Filter>Header Files</Filter>
    </ClInclude>
    <ClInclude Include="C:\Users\Joey\Documents\Geant4\geant4_10_06\source\event\include\G4SPSEneDistribution.hh">
      <Filter>Header Files</Filter>
    </ClInclude>
    <ClInclude Include="C:\Users\Joey\Documents\Geant4\geant4_10_06\source\event\include\G4SPSPosDistribution.hh">
      <Filter>Header Files</Filter>
    </ClInclude>
    <ClInclude Include="C:\Users\Joey\Documents\Geant4\geant4_10_06\source\event\include\G4SPSRandomGenerator.hh">
      <Filter>Header Files</Filter>
    </ClInclude>
    <ClInclude Include="C:\Users\Joey\Documents\Geant4\geant4_10_06\source\event\include\G4SingleParticleSource.hh">
      <Filter>Header Files</Filter>
    </ClInclude>
    <ClInclude Include="C:\Users\Joey\Documents\Geant4\geant4_10_06\source\event\include\G4SmartTrackStack.hh">
      <Filter>Header Files</Filter>
    </ClInclude>
    <ClInclude Include="C:\Users\Joey\Documents\Geant4\geant4_10_06\source\event\include\G4StackChecker.hh">
      <Filter>Header Files</Filter>
    </ClInclude>
    <ClInclude Include="C:\Users\Joey\Documents\Geant4\geant4_10_06\source\event\include\G4StackManager.hh">
      <Filter>Header Files</Filter>
    </ClInclude>
    <ClInclude Include="C:\Users\Joey\Documents\Geant4\geant4_10_06\source\event\include\G4StackedTrack.hh">
      <Filter>Header Files</Filter>
    </ClInclude>
    <ClInclude Include="C:\Users\Joey\Documents\Geant4\geant4_10_06\source\event\include\G4StackingMessenger.hh">
      <Filter>Header Files</Filter>
    </ClInclude>
    <ClInclude Include="C:\Users\Joey\Documents\Geant4\geant4_10_06\source\event\include\G4TrackStack.hh">
      <Filter>Header Files</Filter>
    </ClInclude>
    <ClInclude Include="C:\Users\Joey\Documents\Geant4\geant4_10_06\source\event\include\G4TrajectoryContainer.hh">
      <Filter>Header Files</Filter>
    </ClInclude>
    <ClInclude Include="C:\Users\Joey\Documents\Geant4\geant4_10_06\source\event\include\G4UserEventAction.hh">
      <Filter>Header Files</Filter>
    </ClInclude>
    <ClInclude Include="C:\Users\Joey\Documents\Geant4\geant4_10_06\source\event\include\G4MultiEventAction.hh">
      <Filter>Header Files</Filter>
    </ClInclude>
    <ClInclude Include="C:\Users\Joey\Documents\Geant4\geant4_10_06\source\event\include\G4UserStackingAction.hh">
      <Filter>Header Files</Filter>
    </ClInclude>
    <ClInclude Include="C:\Users\Joey\Documents\Geant4\geant4_10_06\source\event\include\G4VPrimaryGenerator.hh">
      <Filter>Header Files</Filter>
    </ClInclude>
    <ClInclude Include="C:\Users\Joey\Documents\Geant4\geant4_10_06\source\event\include\G4VUserEventInformation.hh">
      <Filter>Header Files</Filter>
    </ClInclude>
    <ClInclude Include="C:\Users\Joey\Documents\Geant4\geant4_10_06\source\event\include\eventgendefs.hh">
      <Filter>Header Files</Filter>
    </ClInclude>
    <ClInclude Include="C:\Users\Joey\Documents\Geant4\geant4_10_06\source\event\include\evmandefs.hh">
      <Filter>Header Files</Filter>
    </ClInclude>
    <ClInclude Include="C:\Users\Joey\Documents\Geant4\geant4_10_06\source\event\include\evtdefs.hh">
      <Filter>Header Files</Filter>
    </ClInclude>
    <ClInclude Include="C:\Users\Joey\Documents\Geant4\geant4_10_06\source\event\include\trajectoryControl.hh">
      <Filter>Header Files</Filter>
    </ClInclude>
    <ClInclude Include="C:\Users\Joey\Documents\Geant4\geant4_10_06\source\event\include\G4GeneralParticleSourceData.hh">
      <Filter>Header Files</Filter>
    </ClInclude>
  </ItemGroup>
  <ItemGroup>
    <CustomBuild Include="C:\Users\Joey\Documents\Geant4\geant4_10_06\source\event\CMakeLists.txt" />
  </ItemGroup>
  <ItemGroup>
    <Filter Include="Header Files">
      <UniqueIdentifier>{CF1853CA-56C7-3BA8-A775-C24C28174412}</UniqueIdentifier>
    </Filter>
    <Filter Include="Source Files">
      <UniqueIdentifier>{7F733656-C433-322F-838E-D7A6D7A4F353}</UniqueIdentifier>
    </Filter>
  </ItemGroup>
</Project>
